{
  "version": 4,
  "terraform_version": "0.12.2",
  "serial": 50,
  "lineage": "c9c22b5d-2951-b35e-db13-bcdfc8d0d4f4",
  "outputs": {
    "services": {
      "value": [
        [
          {
            "cidr_block": "all-iad-services-in-oracle-services-network",
            "description": "All IAD Services In Oracle Services Network",
            "id": "ocid1.service.oc1.iad.aaaaaaaam4zfmy2rjue6fmglumm3czgisxzrnvrwqeodtztg7hwa272mlfna",
            "name": "All IAD Services In Oracle Services Network"
          }
        ]
      ],
      "type": [
        "tuple",
        [
          [
            "list",
            [
              "object",
              {
                "cidr_block": "string",
                "description": "string",
                "id": "string",
                "name": "string"
              }
            ]
          ]
        ]
      ]
    }
  },
  "resources": [
    {
      "mode": "data",
      "type": "oci_core_services",
      "name": "test_services",
      "provider": "provider.oci",
      "instances": [
        {
          "schema_version": 0,
          "attributes": {
            "filter": [
              {
                "name": "name",
                "regex": true,
                "values": [
                  "All .* Services In Oracle Services Network"
                ]
              }
            ],
            "id": "2019-07-09 00:43:13.583122 +0000 UTC",
            "services": [
              {
                "cidr_block": "all-iad-services-in-oracle-services-network",
                "description": "All IAD Services In Oracle Services Network",
                "id": "ocid1.service.oc1.iad.aaaaaaaam4zfmy2rjue6fmglumm3czgisxzrnvrwqeodtztg7hwa272mlfna",
                "name": "All IAD Services In Oracle Services Network"
              }
            ]
          }
        }
      ]
    },
    {
      "mode": "data",
      "type": "oci_identity_availability_domain",
      "name": "ad",
      "provider": "provider.oci",
      "instances": [
        {
          "schema_version": 0,
          "attributes": {
            "ad_number": 1,
            "compartment_id": "ocid1.tenancy.oc1..aaaaaaaajd45ccu2jquva62syjosjah3vs5kuawqogx2hqih45timjxcc3ga",
            "id": "ocid1.availabilitydomain.oc1..aaaaaaaatrwxaogr7dl4yschqtrmqrdv6uzis3mgbnomiagqrfhcb7mxsfdq",
            "name": "EJpI:US-ASHBURN-AD-1"
          }
        }
      ]
    },
    {
      "mode": "managed",
      "type": "oci_core_route_table",
      "name": "OKERouteTable",
      "provider": "provider.oci",
      "instances": [
        {
          "schema_version": 0,
          "attributes": {
            "compartment_id": "ocid1.compartment.oc1..aaaaaaaavxvovbiv4r5a4j3dwnn6ly3eyoc7hlyj6lkbovsiphd4s2ninmkq",
            "defined_tags": {},
            "display_name": "TFExampleRouteTable",
            "freeform_tags": {},
            "id": "ocid1.routetable.oc1.iad.aaaaaaaaeg4usi6q6esejf42x4hdcrzogdkr2tgafojx4pfc5vnjob2tchia",
            "route_rules": [
              {
                "cidr_block": "",
                "destination": "all-iad-services-in-oracle-services-network",
                "destination_type": "SERVICE_CIDR_BLOCK",
                "network_entity_id": "ocid1.servicegateway.oc1.iad.aaaaaaaacqy4sadiikyr7jogevsthtkbuxcsxbqox2b4cntvexng2lhalkta"
              }
            ],
            "state": "AVAILABLE",
            "time_created": "2019-07-09 00:43:28.853 +0000 UTC",
            "time_modified": null,
            "timeouts": null,
            "vcn_id": "ocid1.vcn.oc1.iad.aaaaaaaaotjj4fita64lt5jflrxtmsva3nkyo3tge66vvbmqscit7luwnjga"
          },
          "private": "eyJlMmJmYjczMC1lY2FhLTExZTYtOGY4OC0zNDM2M2JjN2M0YzAiOnsiY3JlYXRlIjo5MDAwMDAwMDAwMDAsImRlbGV0ZSI6OTAwMDAwMDAwMDAwLCJ1cGRhdGUiOjkwMDAwMDAwMDAwMH19",
          "depends_on": [
            "data.oci_core_services.test_services",
            "oci_core_service_gateway.ServiceGwy",
            "oci_core_virtual_network.OKEvcn"
          ]
        }
      ]
    },
    {
      "mode": "managed",
      "type": "oci_core_security_list",
      "name": "OKESecurityList",
      "provider": "provider.oci",
      "instances": [
        {
          "schema_version": 0,
          "attributes": {
            "compartment_id": "ocid1.compartment.oc1..aaaaaaaavxvovbiv4r5a4j3dwnn6ly3eyoc7hlyj6lkbovsiphd4s2ninmkq",
            "defined_tags": {},
            "display_name": "OKESecurityList",
            "egress_security_rules": [
              {
                "destination": "0.0.0.0/0",
                "destination_type": "CIDR_BLOCK",
                "icmp_options": [],
                "protocol": "6",
                "stateless": false,
                "tcp_options": [],
                "udp_options": []
              }
            ],
            "freeform_tags": {},
            "id": "ocid1.securitylist.oc1.iad.aaaaaaaakg5ttpyj3xvpg5rnxpjmh2lqnal5c3mqzrvjbkfvjiy4r3jbtdhq",
            "ingress_security_rules": [
              {
                "icmp_options": [
                  {
                    "code": 4,
                    "type": 3
                  }
                ],
                "protocol": "1",
                "source": "0.0.0.0/0",
                "source_type": "CIDR_BLOCK",
                "stateless": true,
                "tcp_options": [],
                "udp_options": []
              },
              {
                "icmp_options": [],
                "protocol": "6",
                "source": "0.0.0.0/0",
                "source_type": "CIDR_BLOCK",
                "stateless": false,
                "tcp_options": [
                  {
                    "max": 22,
                    "min": 22,
                    "source_port_range": []
                  }
                ],
                "udp_options": []
              }
            ],
            "state": "AVAILABLE",
            "time_created": "2019-07-09 00:43:26.837 +0000 UTC",
            "timeouts": null,
            "vcn_id": "ocid1.vcn.oc1.iad.aaaaaaaaotjj4fita64lt5jflrxtmsva3nkyo3tge66vvbmqscit7luwnjga"
          },
          "private": "eyJlMmJmYjczMC1lY2FhLTExZTYtOGY4OC0zNDM2M2JjN2M0YzAiOnsiY3JlYXRlIjo5MDAwMDAwMDAwMDAsImRlbGV0ZSI6OTAwMDAwMDAwMDAwLCJ1cGRhdGUiOjkwMDAwMDAwMDAwMH19",
          "depends_on": [
            "oci_core_virtual_network.OKEvcn"
          ]
        }
      ]
    },
    {
      "mode": "managed",
      "type": "oci_core_service_gateway",
      "name": "ServiceGwy",
      "provider": "provider.oci",
      "instances": [
        {
          "schema_version": 0,
          "attributes": {
            "block_traffic": false,
            "compartment_id": "ocid1.compartment.oc1..aaaaaaaavxvovbiv4r5a4j3dwnn6ly3eyoc7hlyj6lkbovsiphd4s2ninmkq",
            "defined_tags": {},
            "display_name": "OKEServiceGateway",
            "freeform_tags": {},
            "id": "ocid1.servicegateway.oc1.iad.aaaaaaaacqy4sadiikyr7jogevsthtkbuxcsxbqox2b4cntvexng2lhalkta",
            "services": [
              {
                "service_id": "ocid1.service.oc1.iad.aaaaaaaam4zfmy2rjue6fmglumm3czgisxzrnvrwqeodtztg7hwa272mlfna",
                "service_name": "All IAD Services In Oracle Services Network"
              }
            ],
            "state": "AVAILABLE",
            "time_created": "2019-07-09 00:43:26.545 +0000 UTC",
            "timeouts": null,
            "vcn_id": "ocid1.vcn.oc1.iad.aaaaaaaaotjj4fita64lt5jflrxtmsva3nkyo3tge66vvbmqscit7luwnjga"
          },
          "private": "eyJlMmJmYjczMC1lY2FhLTExZTYtOGY4OC0zNDM2M2JjN2M0YzAiOnsiY3JlYXRlIjo5MDAwMDAwMDAwMDAsImRlbGV0ZSI6OTAwMDAwMDAwMDAwLCJ1cGRhdGUiOjkwMDAwMDAwMDAwMH19",
          "depends_on": [
            "data.oci_core_services.test_services",
            "oci_core_virtual_network.OKEvcn"
          ]
        }
      ]
    },
    {
      "mode": "managed",
      "type": "oci_core_subnet",
      "name": "subnet1",
      "provider": "provider.oci",
      "instances": [
        {
          "schema_version": 0,
          "attributes": {
            "availability_domain": "EJpI:US-ASHBURN-AD-1",
            "cidr_block": "100.100.24.0/24",
            "compartment_id": "ocid1.compartment.oc1..aaaaaaaavxvovbiv4r5a4j3dwnn6ly3eyoc7hlyj6lkbovsiphd4s2ninmkq",
            "defined_tags": {},
            "dhcp_options_id": "ocid1.dhcpoptions.oc1.iad.aaaaaaaa2dljnt3yb3s5hgzksm4ot2aujargdbnf7xhhu4hz6hkr5l3oufna",
            "display_name": "AD1",
            "dns_label": "ad1subnet",
            "freeform_tags": {},
            "id": "ocid1.subnet.oc1.iad.aaaaaaaaoopfhoipapguab6nkjcegb3ycw7wtic3hdf7dujvc6qtadkzcjzq",
            "prohibit_public_ip_on_vnic": false,
            "route_table_id": "ocid1.routetable.oc1.iad.aaaaaaaaeg4usi6q6esejf42x4hdcrzogdkr2tgafojx4pfc5vnjob2tchia",
            "security_list_ids": [
              "ocid1.securitylist.oc1.iad.aaaaaaaakg5ttpyj3xvpg5rnxpjmh2lqnal5c3mqzrvjbkfvjiy4r3jbtdhq"
            ],
            "state": "AVAILABLE",
            "subnet_domain_name": "ad1subnet.okevcn.oraclevcn.com",
            "time_created": "2019-07-09 00:43:29.543 +0000 UTC",
            "timeouts": null,
            "vcn_id": "ocid1.vcn.oc1.iad.aaaaaaaaotjj4fita64lt5jflrxtmsva3nkyo3tge66vvbmqscit7luwnjga",
            "virtual_router_ip": "100.100.24.1",
            "virtual_router_mac": "00:00:17:B2:7E:1A"
          },
          "private": "eyJlMmJmYjczMC1lY2FhLTExZTYtOGY4OC0zNDM2M2JjN2M0YzAiOnsiY3JlYXRlIjo5MDAwMDAwMDAwMDAsImRlbGV0ZSI6OTAwMDAwMDAwMDAwLCJ1cGRhdGUiOjkwMDAwMDAwMDAwMH19",
          "depends_on": [
            "data.oci_identity_availability_domain.ad",
            "oci_core_route_table.OKERouteTable",
            "oci_core_security_list.OKESecurityList",
            "oci_core_virtual_network.OKEvcn"
          ]
        }
      ]
    },
    {
      "mode": "managed",
      "type": "oci_core_subnet",
      "name": "subnet2",
      "provider": "provider.oci",
      "instances": [
        {
          "schema_version": 0,
          "attributes": {
            "availability_domain": "EJpI:US-ASHBURN-AD-1",
            "cidr_block": "100.100.25.0/24",
            "compartment_id": "ocid1.compartment.oc1..aaaaaaaavxvovbiv4r5a4j3dwnn6ly3eyoc7hlyj6lkbovsiphd4s2ninmkq",
            "defined_tags": {},
            "dhcp_options_id": "ocid1.dhcpoptions.oc1.iad.aaaaaaaa2dljnt3yb3s5hgzksm4ot2aujargdbnf7xhhu4hz6hkr5l3oufna",
            "display_name": "AD2",
            "dns_label": "ad2subnet",
            "freeform_tags": {},
            "id": "ocid1.subnet.oc1.iad.aaaaaaaazfqrirg3xaejvbkot3pvdv4g4ovqhzt42ja37mjouxjrdbuxeeba",
            "prohibit_public_ip_on_vnic": false,
            "route_table_id": "ocid1.routetable.oc1.iad.aaaaaaaaeg4usi6q6esejf42x4hdcrzogdkr2tgafojx4pfc5vnjob2tchia",
            "security_list_ids": [
              "ocid1.securitylist.oc1.iad.aaaaaaaakg5ttpyj3xvpg5rnxpjmh2lqnal5c3mqzrvjbkfvjiy4r3jbtdhq"
            ],
            "state": "AVAILABLE",
            "subnet_domain_name": "ad2subnet.okevcn.oraclevcn.com",
            "time_created": "2019-07-09 00:43:30.203 +0000 UTC",
            "timeouts": null,
            "vcn_id": "ocid1.vcn.oc1.iad.aaaaaaaaotjj4fita64lt5jflrxtmsva3nkyo3tge66vvbmqscit7luwnjga",
            "virtual_router_ip": "100.100.25.1",
            "virtual_router_mac": "00:00:17:B2:7E:1A"
          },
          "private": "eyJlMmJmYjczMC1lY2FhLTExZTYtOGY4OC0zNDM2M2JjN2M0YzAiOnsiY3JlYXRlIjo5MDAwMDAwMDAwMDAsImRlbGV0ZSI6OTAwMDAwMDAwMDAwLCJ1cGRhdGUiOjkwMDAwMDAwMDAwMH19",
          "depends_on": [
            "data.oci_identity_availability_domain.ad",
            "oci_core_route_table.OKERouteTable",
            "oci_core_security_list.OKESecurityList",
            "oci_core_virtual_network.OKEvcn"
          ]
        }
      ]
    },
    {
      "mode": "managed",
      "type": "oci_core_subnet",
      "name": "subnet3",
      "provider": "provider.oci",
      "instances": [
        {
          "schema_version": 0,
          "attributes": {
            "availability_domain": "EJpI:US-ASHBURN-AD-1",
            "cidr_block": "100.100.26.0/24",
            "compartment_id": "ocid1.compartment.oc1..aaaaaaaavxvovbiv4r5a4j3dwnn6ly3eyoc7hlyj6lkbovsiphd4s2ninmkq",
            "defined_tags": {},
            "dhcp_options_id": "ocid1.dhcpoptions.oc1.iad.aaaaaaaa2dljnt3yb3s5hgzksm4ot2aujargdbnf7xhhu4hz6hkr5l3oufna",
            "display_name": "AD3",
            "dns_label": "ad3subnet",
            "freeform_tags": {},
            "id": "ocid1.subnet.oc1.iad.aaaaaaaa3zgbgj6kmabdgkxpgljjvzeuxynsvagffbta74iodq6d577nk6jq",
            "prohibit_public_ip_on_vnic": false,
            "route_table_id": "ocid1.routetable.oc1.iad.aaaaaaaaeg4usi6q6esejf42x4hdcrzogdkr2tgafojx4pfc5vnjob2tchia",
            "security_list_ids": [
              "ocid1.securitylist.oc1.iad.aaaaaaaakg5ttpyj3xvpg5rnxpjmh2lqnal5c3mqzrvjbkfvjiy4r3jbtdhq"
            ],
            "state": "AVAILABLE",
            "subnet_domain_name": "ad3subnet.okevcn.oraclevcn.com",
            "time_created": "2019-07-09 00:43:29.686 +0000 UTC",
            "timeouts": null,
            "vcn_id": "ocid1.vcn.oc1.iad.aaaaaaaaotjj4fita64lt5jflrxtmsva3nkyo3tge66vvbmqscit7luwnjga",
            "virtual_router_ip": "100.100.26.1",
            "virtual_router_mac": "00:00:17:B2:7E:1A"
          },
          "private": "eyJlMmJmYjczMC1lY2FhLTExZTYtOGY4OC0zNDM2M2JjN2M0YzAiOnsiY3JlYXRlIjo5MDAwMDAwMDAwMDAsImRlbGV0ZSI6OTAwMDAwMDAwMDAwLCJ1cGRhdGUiOjkwMDAwMDAwMDAwMH19",
          "depends_on": [
            "data.oci_identity_availability_domain.ad",
            "oci_core_route_table.OKERouteTable",
            "oci_core_security_list.OKESecurityList",
            "oci_core_virtual_network.OKEvcn"
          ]
        }
      ]
    },
    {
      "mode": "managed",
      "type": "oci_core_subnet",
      "name": "subnet4",
      "provider": "provider.oci",
      "instances": [
        {
          "schema_version": 0,
          "attributes": {
            "availability_domain": "EJpI:US-ASHBURN-AD-1",
            "cidr_block": "100.100.27.0/25",
            "compartment_id": "ocid1.compartment.oc1..aaaaaaaavxvovbiv4r5a4j3dwnn6ly3eyoc7hlyj6lkbovsiphd4s2ninmkq",
            "defined_tags": {},
            "dhcp_options_id": "ocid1.dhcpoptions.oc1.iad.aaaaaaaa2dljnt3yb3s5hgzksm4ot2aujargdbnf7xhhu4hz6hkr5l3oufna",
            "display_name": "AD4",
            "dns_label": "ad4subnet",
            "freeform_tags": {},
            "id": "ocid1.subnet.oc1.iad.aaaaaaaax2rgv7a2ykzf2brr2nq4m6leqsgwi4vlxlecn4ukompy3qfx5yuq",
            "prohibit_public_ip_on_vnic": false,
            "route_table_id": "ocid1.routetable.oc1.iad.aaaaaaaaeg4usi6q6esejf42x4hdcrzogdkr2tgafojx4pfc5vnjob2tchia",
            "security_list_ids": [
              "ocid1.securitylist.oc1.iad.aaaaaaaakg5ttpyj3xvpg5rnxpjmh2lqnal5c3mqzrvjbkfvjiy4r3jbtdhq"
            ],
            "state": "AVAILABLE",
            "subnet_domain_name": "ad4subnet.okevcn.oraclevcn.com",
            "time_created": "2019-07-09 00:43:29.395 +0000 UTC",
            "timeouts": null,
            "vcn_id": "ocid1.vcn.oc1.iad.aaaaaaaaotjj4fita64lt5jflrxtmsva3nkyo3tge66vvbmqscit7luwnjga",
            "virtual_router_ip": "100.100.27.1",
            "virtual_router_mac": "00:00:17:B2:7E:1A"
          },
          "private": "eyJlMmJmYjczMC1lY2FhLTExZTYtOGY4OC0zNDM2M2JjN2M0YzAiOnsiY3JlYXRlIjo5MDAwMDAwMDAwMDAsImRlbGV0ZSI6OTAwMDAwMDAwMDAwLCJ1cGRhdGUiOjkwMDAwMDAwMDAwMH19",
          "depends_on": [
            "data.oci_identity_availability_domain.ad",
            "oci_core_route_table.OKERouteTable",
            "oci_core_security_list.OKESecurityList",
            "oci_core_virtual_network.OKEvcn"
          ]
        }
      ]
    },
    {
      "mode": "managed",
      "type": "oci_core_subnet",
      "name": "subnet5",
      "provider": "provider.oci",
      "instances": [
        {
          "schema_version": 0,
          "attributes": {
            "availability_domain": "EJpI:US-ASHBURN-AD-1",
            "cidr_block": "100.100.27.128/25",
            "compartment_id": "ocid1.compartment.oc1..aaaaaaaavxvovbiv4r5a4j3dwnn6ly3eyoc7hlyj6lkbovsiphd4s2ninmkq",
            "defined_tags": {},
            "dhcp_options_id": "ocid1.dhcpoptions.oc1.iad.aaaaaaaa2dljnt3yb3s5hgzksm4ot2aujargdbnf7xhhu4hz6hkr5l3oufna",
            "display_name": "AD5",
            "dns_label": "ad5subnet",
            "freeform_tags": {},
            "id": "ocid1.subnet.oc1.iad.aaaaaaaaekwy7fcxeiebwdhmgijeuqvhsvlfzehrdqdjkm5wpvzumurajtoq",
            "prohibit_public_ip_on_vnic": false,
            "route_table_id": "ocid1.routetable.oc1.iad.aaaaaaaaeg4usi6q6esejf42x4hdcrzogdkr2tgafojx4pfc5vnjob2tchia",
            "security_list_ids": [
              "ocid1.securitylist.oc1.iad.aaaaaaaakg5ttpyj3xvpg5rnxpjmh2lqnal5c3mqzrvjbkfvjiy4r3jbtdhq"
            ],
            "state": "AVAILABLE",
            "subnet_domain_name": "ad5subnet.okevcn.oraclevcn.com",
            "time_created": "2019-07-09 00:43:29.865 +0000 UTC",
            "timeouts": null,
            "vcn_id": "ocid1.vcn.oc1.iad.aaaaaaaaotjj4fita64lt5jflrxtmsva3nkyo3tge66vvbmqscit7luwnjga",
            "virtual_router_ip": "100.100.27.129",
            "virtual_router_mac": "00:00:17:B2:7E:1A"
          },
          "private": "eyJlMmJmYjczMC1lY2FhLTExZTYtOGY4OC0zNDM2M2JjN2M0YzAiOnsiY3JlYXRlIjo5MDAwMDAwMDAwMDAsImRlbGV0ZSI6OTAwMDAwMDAwMDAwLCJ1cGRhdGUiOjkwMDAwMDAwMDAwMH19",
          "depends_on": [
            "data.oci_identity_availability_domain.ad",
            "oci_core_route_table.OKERouteTable",
            "oci_core_security_list.OKESecurityList",
            "oci_core_virtual_network.OKEvcn"
          ]
        }
      ]
    },
    {
      "mode": "managed",
      "type": "oci_core_virtual_network",
      "name": "OKEvcn",
      "provider": "provider.oci",
      "instances": [
        {
          "schema_version": 0,
          "attributes": {
            "cidr_block": "100.100.24.0/22",
            "compartment_id": "ocid1.compartment.oc1..aaaaaaaavxvovbiv4r5a4j3dwnn6ly3eyoc7hlyj6lkbovsiphd4s2ninmkq",
            "default_dhcp_options_id": "ocid1.dhcpoptions.oc1.iad.aaaaaaaa2dljnt3yb3s5hgzksm4ot2aujargdbnf7xhhu4hz6hkr5l3oufna",
            "default_route_table_id": "ocid1.routetable.oc1.iad.aaaaaaaas6sh2toefgyz746zjv3lrftokmuvfy377yu4b2gfvsmy6v2a7fyq",
            "default_security_list_id": "ocid1.securitylist.oc1.iad.aaaaaaaalgc7wyvb7w7sbhcu5tokoqvzipws4bfa3y3swfmbf5daismn5izq",
            "defined_tags": {},
            "display_name": "vcn20190709004325",
            "dns_label": "okevcn",
            "freeform_tags": {},
            "id": "ocid1.vcn.oc1.iad.aaaaaaaaotjj4fita64lt5jflrxtmsva3nkyo3tge66vvbmqscit7luwnjga",
            "state": "AVAILABLE",
            "time_created": "2019-07-09 00:43:25.752 +0000 UTC",
            "timeouts": null,
            "vcn_domain_name": "okevcn.oraclevcn.com"
          },
          "private": "eyJlMmJmYjczMC1lY2FhLTExZTYtOGY4OC0zNDM2M2JjN2M0YzAiOnsiY3JlYXRlIjo5MDAwMDAwMDAwMDAsImRlbGV0ZSI6OTAwMDAwMDAwMDAwLCJ1cGRhdGUiOjkwMDAwMDAwMDAwMH19"
        }
      ]
    }
  ]
}
