{
  "version": 4,
  "terraform_version": "0.12.2",
  "serial": 179,
  "lineage": "4a24f6f2-43c1-dcb9-62f9-383a970a6380",
  "outputs": {
    "cluster": {
      "value": {
        "id": "ocid1.cluster.oc1.iad.aaaaaaaaae3dinbzgy4wknrthe4tcm3fmiydintfgq4dsnzyhcydczdegu3w",
        "kubernetes_version": "v1.11.9",
        "name": "TestCluster"
      },
      "type": [
        "object",
        {
          "id": "string",
          "kubernetes_version": "string",
          "name": "string"
        }
      ]
    },
    "cluster_kubernetes_versions": {
      "value": [
        [
          "v1.11.9",
          "v1.12.7"
        ]
      ],
      "type": [
        "tuple",
        [
          [
            "list",
            "string"
          ]
        ]
      ]
    },
    "node_pool": {
      "value": {
        "id": "ocid1.nodepool.oc1.iad.aaaaaaaaaeywezlbmjqwimzwgfqwcobvgnrdemlfgq3ggmjqmn4wgobzmy3d",
        "kubernetes_version": "v1.11.9",
        "name": "OKEPool",
        "subnet_ids": [
          "ocid1.subnet.oc1.iad.aaaaaaaa2eozv6ap64pczo3yp7z3ppnq3r5exsb66aif2tbqcq5dnpvcuixq",
          "ocid1.subnet.oc1.iad.aaaaaaaacaanyqrox2uiteitrz6mg3zuhyluysmkuesod6p5ubguu2ixab4a",
          "ocid1.subnet.oc1.iad.aaaaaaaatuymgaqq7zcaawgrfaqxejl4cttd324ckobu5ss3f3jl5zeajgja"
        ]
      },
      "type": [
        "object",
        {
          "id": "string",
          "kubernetes_version": "string",
          "name": "string",
          "subnet_ids": [
            "set",
            "string"
          ]
        }
      ]
    },
    "node_pool_kubernetes_version": {
      "value": [
        [
          "v1.11.9",
          "v1.12.7"
        ]
      ],
      "type": [
        "tuple",
        [
          [
            "list",
            "string"
          ]
        ]
      ]
    },
    "services": {
      "value": [
        [
          {
            "cidr_block": "all-iad-services-in-oracle-services-network",
            "description": "All IAD Services In Oracle Services Network",
            "id": "ocid1.service.oc1.iad.aaaaaaaam4zfmy2rjue6fmglumm3czgisxzrnvrwqeodtztg7hwa272mlfna",
            "name": "All IAD Services In Oracle Services Network"
          }
        ]
      ],
      "type": [
        "tuple",
        [
          [
            "list",
            [
              "object",
              {
                "cidr_block": "string",
                "description": "string",
                "id": "string",
                "name": "string"
              }
            ]
          ]
        ]
      ]
    }
  },
  "resources": [
    {
      "mode": "data",
      "type": "oci_containerengine_cluster_option",
      "name": "test_cluster_option",
      "provider": "provider.oci",
      "instances": [
        {
          "schema_version": 0,
          "attributes": {
            "cluster_option_id": "all",
            "id": "2019-07-09 21:58:38.424747 +0000 UTC",
            "kubernetes_versions": [
              "v1.11.9",
              "v1.12.7"
            ]
          }
        }
      ]
    },
    {
      "mode": "data",
      "type": "oci_containerengine_node_pool_option",
      "name": "test_node_pool_option",
      "provider": "provider.oci",
      "instances": [
        {
          "schema_version": 0,
          "attributes": {
            "id": "2019-07-09 21:58:39.255249 +0000 UTC",
            "images": [
              "Oracle-Linux-7.4",
              "Oracle-Linux-7.5",
              "Oracle-Linux-7.6"
            ],
            "kubernetes_versions": [
              "v1.11.9",
              "v1.12.7"
            ],
            "node_pool_option_id": "all",
            "shapes": [
              "BM.Standard2.52",
              "BM.DenseIO2.52",
              "BM.HighIO1.36",
              "VM.Standard2.1",
              "VM.Standard2.2",
              "VM.Standard2.4",
              "VM.Standard2.8",
              "VM.Standard2.16",
              "VM.Standard2.24",
              "VM.DenseIO2.8",
              "VM.DenseIO2.16",
              "VM.DenseIO2.24",
              "VM.Standard1.2",
              "VM.Standard1.8",
              "BM.HPC2.36",
              "BM.Standard1.36"
            ]
          }
        }
      ]
    },
    {
      "mode": "data",
      "type": "oci_core_services",
      "name": "test_services",
      "provider": "provider.oci",
      "instances": [
        {
          "schema_version": 0,
          "attributes": {
            "filter": [
              {
                "name": "name",
                "regex": true,
                "values": [
                  "All .* Services In Oracle Services Network"
                ]
              }
            ],
            "id": "2019-07-09 21:58:38.53325 +0000 UTC",
            "services": [
              {
                "cidr_block": "all-iad-services-in-oracle-services-network",
                "description": "All IAD Services In Oracle Services Network",
                "id": "ocid1.service.oc1.iad.aaaaaaaam4zfmy2rjue6fmglumm3czgisxzrnvrwqeodtztg7hwa272mlfna",
                "name": "All IAD Services In Oracle Services Network"
              }
            ]
          }
        }
      ]
    },
    {
      "mode": "data",
      "type": "oci_identity_availability_domain",
      "name": "ad",
      "provider": "provider.oci",
      "instances": [
        {
          "schema_version": 0,
          "attributes": {
            "ad_number": 1,
            "compartment_id": "ocid1.tenancy.oc1..aaaaaaaajd45ccu2jquva62syjosjah3vs5kuawqogx2hqih45timjxcc3ga",
            "id": "ocid1.availabilitydomain.oc1..aaaaaaaatrwxaogr7dl4yschqtrmqrdv6uzis3mgbnomiagqrfhcb7mxsfdq",
            "name": "EJpI:US-ASHBURN-AD-1"
          }
        }
      ]
    },
    {
      "mode": "managed",
      "type": "oci_containerengine_cluster",
      "name": "test_cluster",
      "provider": "provider.oci",
      "instances": [
        {
          "schema_version": 0,
          "attributes": {
            "available_kubernetes_upgrades": [
              "v1.12.7"
            ],
            "compartment_id": "ocid1.compartment.oc1..aaaaaaaavxvovbiv4r5a4j3dwnn6ly3eyoc7hlyj6lkbovsiphd4s2ninmkq",
            "endpoints": [
              {
                "kubernetes": "cydczdegu3w.us-ashburn-1.clusters.oci.oraclecloud.com:6443"
              }
            ],
            "id": "ocid1.cluster.oc1.iad.aaaaaaaaae3dinbzgy4wknrthe4tcm3fmiydintfgq4dsnzyhcydczdegu3w",
            "kubernetes_version": "v1.11.9",
            "lifecycle_details": "",
            "metadata": [
              {
                "created_by_user_id": "ocid1.user.oc1..aaaaaaaambji2snqmmgr3lw6let4zaedylixfj75jd7yva4oqqqcz7nwq35q",
                "created_by_work_request_id": "ocid1.clustersworkrequest.oc1.iad.aaaaaaaaaezdqzrrmnstanlgmjqtezlcmzrtiyjygmzgenjtgw3dsnddg4yw",
                "deleted_by_user_id": "",
                "deleted_by_work_request_id": "",
                "time_created": "2019-07-09 21:58:59 +0000 UTC",
                "time_deleted": "",
                "time_updated": "",
                "updated_by_user_id": "",
                "updated_by_work_request_id": ""
              }
            ],
            "name": "TestCluster",
            "options": [
              {
                "add_ons": [
                  {
                    "is_kubernetes_dashboard_enabled": true,
                    "is_tiller_enabled": true
                  }
                ],
                "kubernetes_network_config": [
                  {
                    "pods_cidr": "10.244.0.0/16",
                    "services_cidr": "10.96.0.0/16"
                  }
                ],
                "service_lb_subnet_ids": [
                  "ocid1.subnet.oc1.iad.aaaaaaaalgamko4i3prqqzgwaya37sdya5kyxlaw6ughkeodfya5t5u5hmia",
                  "ocid1.subnet.oc1.iad.aaaaaaaashyotrs6qbghh662r26xpplq5intvcu4xfwgbmmvbeklbqrbndcq"
                ]
              }
            ],
            "state": "ACTIVE",
            "timeouts": null,
            "vcn_id": "ocid1.vcn.oc1.iad.aaaaaaaaw3653cttbhm656ch3vqmzajqv3b2msd3uhiuoc2bijge2ckd4twa"
          },
          "private": "eyJlMmJmYjczMC1lY2FhLTExZTYtOGY4OC0zNDM2M2JjN2M0YzAiOnsiY3JlYXRlIjozNjAwMDAwMDAwMDAwLCJkZWxldGUiOjM2MDAwMDAwMDAwMDAsInVwZGF0ZSI6MzYwMDAwMDAwMDAwMH19",
          "depends_on": [
            "data.oci_containerengine_cluster_option.test_cluster_option",
            "oci_core_subnet.subnet4",
            "oci_core_subnet.subnet5",
            "oci_core_virtual_network.OKEvcn"
          ]
        }
      ]
    },
    {
      "mode": "managed",
      "type": "oci_containerengine_node_pool",
      "name": "test_node_pool",
      "provider": "provider.oci",
      "instances": [
        {
          "schema_version": 0,
          "attributes": {
            "cluster_id": "ocid1.cluster.oc1.iad.aaaaaaaaae3dinbzgy4wknrthe4tcm3fmiydintfgq4dsnzyhcydczdegu3w",
            "compartment_id": "ocid1.compartment.oc1..aaaaaaaavxvovbiv4r5a4j3dwnn6ly3eyoc7hlyj6lkbovsiphd4s2ninmkq",
            "id": "ocid1.nodepool.oc1.iad.aaaaaaaaaeywezlbmjqwimzwgfqwcobvgnrdemlfgq3ggmjqmn4wgobzmy3d",
            "initial_node_labels": [
              {
                "key": "key",
                "value": "value"
              }
            ],
            "kubernetes_version": "v1.11.9",
            "name": "OKEPool",
            "node_image_id": "ocid1.image.oc1.iad.aaaaaaaa4bfsnhv2cd766tiw5oraw2as7g27upxzvu7ynqwipnqfcfwqskla",
            "node_image_name": "Oracle-Linux-7.4",
            "node_metadata": {},
            "node_shape": "VM.Standard2.1",
            "nodes": [],
            "quantity_per_subnet": 2,
            "ssh_public_key": "ssh-rsa AAAAB3NzaC1yc2EAAAADAQABAAABAQDBinYkGJvM1pdPK2NkRJdoaO1EJSir4WMkBJIH62wYF+9xBC+M8FGeVSz5y4nBxkNkmLAgiCf8VTf/ZD7MUIGbi2sqwP818RsHJBCCwQVCRbtUkH6LRWG8t4iOTBTcq4hGOzyFCf9Kw+uxiG8ct44gWmgqK4aJz+A1/tNP8bc6wDh+LoGcp8Vu9+oxDW/szz3plOaMhYvnYzY5FjOwrYO8hnyVvXl2o0EsFKxUJZPX33VOhhnsB1vs1opfwlwBcpPijyWYbndc1DyfQGjHaoIeQjqna3QxI4LvFpCXhsob+6kKUaA8JEptbb4562IO74Qiju3IqbTsnSfeuaaptso/ ravi.v.vittal@oracle.com",
            "subnet_ids": [
              "ocid1.subnet.oc1.iad.aaaaaaaa2eozv6ap64pczo3yp7z3ppnq3r5exsb66aif2tbqcq5dnpvcuixq",
              "ocid1.subnet.oc1.iad.aaaaaaaacaanyqrox2uiteitrz6mg3zuhyluysmkuesod6p5ubguu2ixab4a",
              "ocid1.subnet.oc1.iad.aaaaaaaatuymgaqq7zcaawgrfaqxejl4cttd324ckobu5ss3f3jl5zeajgja"
            ],
            "timeouts": null
          },
          "private": "eyJlMmJmYjczMC1lY2FhLTExZTYtOGY4OC0zNDM2M2JjN2M0YzAiOnsiY3JlYXRlIjoxMjAwMDAwMDAwMDAwLCJkZWxldGUiOjEyMDAwMDAwMDAwMDAsInVwZGF0ZSI6MTIwMDAwMDAwMDAwMH19",
          "depends_on": [
            "data.oci_containerengine_node_pool_option.test_node_pool_option",
            "oci_containerengine_cluster.test_cluster",
            "oci_core_subnet.subnet1",
            "oci_core_subnet.subnet2",
            "oci_core_subnet.subnet3"
          ]
        }
      ]
    },
    {
      "mode": "managed",
      "type": "oci_core_route_table",
      "name": "OKERouteTable",
      "provider": "provider.oci",
      "instances": [
        {
          "schema_version": 0,
          "attributes": {
            "compartment_id": "ocid1.compartment.oc1..aaaaaaaavxvovbiv4r5a4j3dwnn6ly3eyoc7hlyj6lkbovsiphd4s2ninmkq",
            "defined_tags": {},
            "display_name": "OKERouteTable",
            "freeform_tags": {},
            "id": "ocid1.routetable.oc1.iad.aaaaaaaatu5u5psy5rzon6o7263mg34pry45impg4tqr43lqfvw2xpi3gyqa",
            "route_rules": [
              {
                "cidr_block": "",
                "destination": "all-iad-services-in-oracle-services-network",
                "destination_type": "SERVICE_CIDR_BLOCK",
                "network_entity_id": "ocid1.servicegateway.oc1.iad.aaaaaaaabzhp4k6mq4ter2jxdzgpzbd2r6r7pexton27fehulshwtmpfv4jq"
              }
            ],
            "state": "AVAILABLE",
            "time_created": "2019-07-09 21:58:57.349 +0000 UTC",
            "time_modified": null,
            "timeouts": null,
            "vcn_id": "ocid1.vcn.oc1.iad.aaaaaaaaw3653cttbhm656ch3vqmzajqv3b2msd3uhiuoc2bijge2ckd4twa"
          },
          "private": "eyJlMmJmYjczMC1lY2FhLTExZTYtOGY4OC0zNDM2M2JjN2M0YzAiOnsiY3JlYXRlIjo5MDAwMDAwMDAwMDAsImRlbGV0ZSI6OTAwMDAwMDAwMDAwLCJ1cGRhdGUiOjkwMDAwMDAwMDAwMH19",
          "depends_on": [
            "data.oci_core_services.test_services",
            "oci_core_service_gateway.ServiceGwy",
            "oci_core_virtual_network.OKEvcn"
          ]
        }
      ]
    },
    {
      "mode": "managed",
      "type": "oci_core_security_list",
      "name": "OKESecurityList",
      "provider": "provider.oci",
      "instances": [
        {
          "schema_version": 0,
          "attributes": {
            "compartment_id": "ocid1.compartment.oc1..aaaaaaaavxvovbiv4r5a4j3dwnn6ly3eyoc7hlyj6lkbovsiphd4s2ninmkq",
            "defined_tags": {},
            "display_name": "OKESecurityList",
            "egress_security_rules": [
              {
                "destination": "0.0.0.0/0",
                "destination_type": "CIDR_BLOCK",
                "icmp_options": [],
                "protocol": "6",
                "stateless": false,
                "tcp_options": [],
                "udp_options": []
              }
            ],
            "freeform_tags": {},
            "id": "ocid1.securitylist.oc1.iad.aaaaaaaa5f34lsjucq6fvl6qntyw62eowklfcqrpflxrinasdojqererbkna",
            "ingress_security_rules": [
              {
                "icmp_options": [
                  {
                    "code": 4,
                    "type": 3
                  }
                ],
                "protocol": "1",
                "source": "0.0.0.0/0",
                "source_type": "CIDR_BLOCK",
                "stateless": true,
                "tcp_options": [],
                "udp_options": []
              },
              {
                "icmp_options": [],
                "protocol": "6",
                "source": "0.0.0.0/0",
                "source_type": "CIDR_BLOCK",
                "stateless": false,
                "tcp_options": [
                  {
                    "max": 22,
                    "min": 22,
                    "source_port_range": []
                  }
                ],
                "udp_options": []
              }
            ],
            "state": "AVAILABLE",
            "time_created": "2019-07-09 21:58:53.51 +0000 UTC",
            "timeouts": null,
            "vcn_id": "ocid1.vcn.oc1.iad.aaaaaaaaw3653cttbhm656ch3vqmzajqv3b2msd3uhiuoc2bijge2ckd4twa"
          },
          "private": "eyJlMmJmYjczMC1lY2FhLTExZTYtOGY4OC0zNDM2M2JjN2M0YzAiOnsiY3JlYXRlIjo5MDAwMDAwMDAwMDAsImRlbGV0ZSI6OTAwMDAwMDAwMDAwLCJ1cGRhdGUiOjkwMDAwMDAwMDAwMH19",
          "depends_on": [
            "oci_core_virtual_network.OKEvcn"
          ]
        }
      ]
    },
    {
      "mode": "managed",
      "type": "oci_core_service_gateway",
      "name": "ServiceGwy",
      "provider": "provider.oci",
      "instances": [
        {
          "schema_version": 0,
          "attributes": {
            "block_traffic": false,
            "compartment_id": "ocid1.compartment.oc1..aaaaaaaavxvovbiv4r5a4j3dwnn6ly3eyoc7hlyj6lkbovsiphd4s2ninmkq",
            "defined_tags": {},
            "display_name": "OKEServiceGateway",
            "freeform_tags": {},
            "id": "ocid1.servicegateway.oc1.iad.aaaaaaaabzhp4k6mq4ter2jxdzgpzbd2r6r7pexton27fehulshwtmpfv4jq",
            "services": [
              {
                "service_id": "ocid1.service.oc1.iad.aaaaaaaam4zfmy2rjue6fmglumm3czgisxzrnvrwqeodtztg7hwa272mlfna",
                "service_name": "All IAD Services In Oracle Services Network"
              }
            ],
            "state": "AVAILABLE",
            "time_created": "2019-07-09 21:58:53.344 +0000 UTC",
            "timeouts": null,
            "vcn_id": "ocid1.vcn.oc1.iad.aaaaaaaaw3653cttbhm656ch3vqmzajqv3b2msd3uhiuoc2bijge2ckd4twa"
          },
          "private": "eyJlMmJmYjczMC1lY2FhLTExZTYtOGY4OC0zNDM2M2JjN2M0YzAiOnsiY3JlYXRlIjo5MDAwMDAwMDAwMDAsImRlbGV0ZSI6OTAwMDAwMDAwMDAwLCJ1cGRhdGUiOjkwMDAwMDAwMDAwMH19",
          "depends_on": [
            "data.oci_core_services.test_services",
            "oci_core_virtual_network.OKEvcn"
          ]
        }
      ]
    },
    {
      "mode": "managed",
      "type": "oci_core_subnet",
      "name": "subnet1",
      "provider": "provider.oci",
      "instances": [
        {
          "schema_version": 0,
          "attributes": {
            "availability_domain": "EJpI:US-ASHBURN-AD-1",
            "cidr_block": "100.100.24.0/24",
            "compartment_id": "ocid1.compartment.oc1..aaaaaaaavxvovbiv4r5a4j3dwnn6ly3eyoc7hlyj6lkbovsiphd4s2ninmkq",
            "defined_tags": {},
            "dhcp_options_id": "ocid1.dhcpoptions.oc1.iad.aaaaaaaa7lccpznc4i7tjwuamaqzikwgcccwjcp4cqa5a4ncdevo5njehntq",
            "display_name": "AD1",
            "dns_label": "ad1subnet",
            "freeform_tags": {},
            "id": "ocid1.subnet.oc1.iad.aaaaaaaa2eozv6ap64pczo3yp7z3ppnq3r5exsb66aif2tbqcq5dnpvcuixq",
            "prohibit_public_ip_on_vnic": false,
            "route_table_id": "ocid1.routetable.oc1.iad.aaaaaaaatu5u5psy5rzon6o7263mg34pry45impg4tqr43lqfvw2xpi3gyqa",
            "security_list_ids": [
              "ocid1.securitylist.oc1.iad.aaaaaaaa5f34lsjucq6fvl6qntyw62eowklfcqrpflxrinasdojqererbkna"
            ],
            "state": "AVAILABLE",
            "subnet_domain_name": "ad1subnet.okevcn.oraclevcn.com",
            "time_created": "2019-07-09 21:58:58.616 +0000 UTC",
            "timeouts": null,
            "vcn_id": "ocid1.vcn.oc1.iad.aaaaaaaaw3653cttbhm656ch3vqmzajqv3b2msd3uhiuoc2bijge2ckd4twa",
            "virtual_router_ip": "100.100.24.1",
            "virtual_router_mac": "00:00:17:FD:C3:47"
          },
          "private": "eyJlMmJmYjczMC1lY2FhLTExZTYtOGY4OC0zNDM2M2JjN2M0YzAiOnsiY3JlYXRlIjo5MDAwMDAwMDAwMDAsImRlbGV0ZSI6OTAwMDAwMDAwMDAwLCJ1cGRhdGUiOjkwMDAwMDAwMDAwMH19",
          "depends_on": [
            "data.oci_identity_availability_domain.ad",
            "oci_core_route_table.OKERouteTable",
            "oci_core_security_list.OKESecurityList",
            "oci_core_virtual_network.OKEvcn"
          ]
        }
      ]
    },
    {
      "mode": "managed",
      "type": "oci_core_subnet",
      "name": "subnet2",
      "provider": "provider.oci",
      "instances": [
        {
          "schema_version": 0,
          "attributes": {
            "availability_domain": "EJpI:US-ASHBURN-AD-1",
            "cidr_block": "100.100.25.0/24",
            "compartment_id": "ocid1.compartment.oc1..aaaaaaaavxvovbiv4r5a4j3dwnn6ly3eyoc7hlyj6lkbovsiphd4s2ninmkq",
            "defined_tags": {},
            "dhcp_options_id": "ocid1.dhcpoptions.oc1.iad.aaaaaaaa7lccpznc4i7tjwuamaqzikwgcccwjcp4cqa5a4ncdevo5njehntq",
            "display_name": "AD2",
            "dns_label": "ad2subnet",
            "freeform_tags": {},
            "id": "ocid1.subnet.oc1.iad.aaaaaaaacaanyqrox2uiteitrz6mg3zuhyluysmkuesod6p5ubguu2ixab4a",
            "prohibit_public_ip_on_vnic": false,
            "route_table_id": "ocid1.routetable.oc1.iad.aaaaaaaatu5u5psy5rzon6o7263mg34pry45impg4tqr43lqfvw2xpi3gyqa",
            "security_list_ids": [
              "ocid1.securitylist.oc1.iad.aaaaaaaa5f34lsjucq6fvl6qntyw62eowklfcqrpflxrinasdojqererbkna"
            ],
            "state": "AVAILABLE",
            "subnet_domain_name": "ad2subnet.okevcn.oraclevcn.com",
            "time_created": "2019-07-09 21:58:58.453 +0000 UTC",
            "timeouts": null,
            "vcn_id": "ocid1.vcn.oc1.iad.aaaaaaaaw3653cttbhm656ch3vqmzajqv3b2msd3uhiuoc2bijge2ckd4twa",
            "virtual_router_ip": "100.100.25.1",
            "virtual_router_mac": "00:00:17:FD:C3:47"
          },
          "private": "eyJlMmJmYjczMC1lY2FhLTExZTYtOGY4OC0zNDM2M2JjN2M0YzAiOnsiY3JlYXRlIjo5MDAwMDAwMDAwMDAsImRlbGV0ZSI6OTAwMDAwMDAwMDAwLCJ1cGRhdGUiOjkwMDAwMDAwMDAwMH19",
          "depends_on": [
            "data.oci_identity_availability_domain.ad",
            "oci_core_route_table.OKERouteTable",
            "oci_core_security_list.OKESecurityList",
            "oci_core_virtual_network.OKEvcn"
          ]
        }
      ]
    },
    {
      "mode": "managed",
      "type": "oci_core_subnet",
      "name": "subnet3",
      "provider": "provider.oci",
      "instances": [
        {
          "schema_version": 0,
          "attributes": {
            "availability_domain": "EJpI:US-ASHBURN-AD-1",
            "cidr_block": "100.100.26.0/24",
            "compartment_id": "ocid1.compartment.oc1..aaaaaaaavxvovbiv4r5a4j3dwnn6ly3eyoc7hlyj6lkbovsiphd4s2ninmkq",
            "defined_tags": {},
            "dhcp_options_id": "ocid1.dhcpoptions.oc1.iad.aaaaaaaa7lccpznc4i7tjwuamaqzikwgcccwjcp4cqa5a4ncdevo5njehntq",
            "display_name": "AD3",
            "dns_label": "ad3subnet",
            "freeform_tags": {},
            "id": "ocid1.subnet.oc1.iad.aaaaaaaatuymgaqq7zcaawgrfaqxejl4cttd324ckobu5ss3f3jl5zeajgja",
            "prohibit_public_ip_on_vnic": false,
            "route_table_id": "ocid1.routetable.oc1.iad.aaaaaaaatu5u5psy5rzon6o7263mg34pry45impg4tqr43lqfvw2xpi3gyqa",
            "security_list_ids": [
              "ocid1.securitylist.oc1.iad.aaaaaaaa5f34lsjucq6fvl6qntyw62eowklfcqrpflxrinasdojqererbkna"
            ],
            "state": "AVAILABLE",
            "subnet_domain_name": "ad3subnet.okevcn.oraclevcn.com",
            "time_created": "2019-07-09 21:58:57.934 +0000 UTC",
            "timeouts": null,
            "vcn_id": "ocid1.vcn.oc1.iad.aaaaaaaaw3653cttbhm656ch3vqmzajqv3b2msd3uhiuoc2bijge2ckd4twa",
            "virtual_router_ip": "100.100.26.1",
            "virtual_router_mac": "00:00:17:FD:C3:47"
          },
          "private": "eyJlMmJmYjczMC1lY2FhLTExZTYtOGY4OC0zNDM2M2JjN2M0YzAiOnsiY3JlYXRlIjo5MDAwMDAwMDAwMDAsImRlbGV0ZSI6OTAwMDAwMDAwMDAwLCJ1cGRhdGUiOjkwMDAwMDAwMDAwMH19",
          "depends_on": [
            "data.oci_identity_availability_domain.ad",
            "oci_core_route_table.OKERouteTable",
            "oci_core_security_list.OKESecurityList",
            "oci_core_virtual_network.OKEvcn"
          ]
        }
      ]
    },
    {
      "mode": "managed",
      "type": "oci_core_subnet",
      "name": "subnet4",
      "provider": "provider.oci",
      "instances": [
        {
          "schema_version": 0,
          "attributes": {
            "availability_domain": "EJpI:US-ASHBURN-AD-1",
            "cidr_block": "100.100.27.0/24",
            "compartment_id": "ocid1.compartment.oc1..aaaaaaaavxvovbiv4r5a4j3dwnn6ly3eyoc7hlyj6lkbovsiphd4s2ninmkq",
            "defined_tags": {},
            "dhcp_options_id": "ocid1.dhcpoptions.oc1.iad.aaaaaaaa7lccpznc4i7tjwuamaqzikwgcccwjcp4cqa5a4ncdevo5njehntq",
            "display_name": "AD4",
            "dns_label": "ad4subnet",
            "freeform_tags": {},
            "id": "ocid1.subnet.oc1.iad.aaaaaaaalgamko4i3prqqzgwaya37sdya5kyxlaw6ughkeodfya5t5u5hmia",
            "prohibit_public_ip_on_vnic": false,
            "route_table_id": "ocid1.routetable.oc1.iad.aaaaaaaatu5u5psy5rzon6o7263mg34pry45impg4tqr43lqfvw2xpi3gyqa",
            "security_list_ids": [
              "ocid1.securitylist.oc1.iad.aaaaaaaa5f34lsjucq6fvl6qntyw62eowklfcqrpflxrinasdojqererbkna"
            ],
            "state": "AVAILABLE",
            "subnet_domain_name": "ad4subnet.okevcn.oraclevcn.com",
            "time_created": "2019-07-09 21:58:57.796 +0000 UTC",
            "timeouts": null,
            "vcn_id": "ocid1.vcn.oc1.iad.aaaaaaaaw3653cttbhm656ch3vqmzajqv3b2msd3uhiuoc2bijge2ckd4twa",
            "virtual_router_ip": "100.100.27.1",
            "virtual_router_mac": "00:00:17:FD:C3:47"
          },
          "private": "eyJlMmJmYjczMC1lY2FhLTExZTYtOGY4OC0zNDM2M2JjN2M0YzAiOnsiY3JlYXRlIjo5MDAwMDAwMDAwMDAsImRlbGV0ZSI6OTAwMDAwMDAwMDAwLCJ1cGRhdGUiOjkwMDAwMDAwMDAwMH19",
          "depends_on": [
            "data.oci_identity_availability_domain.ad",
            "oci_core_route_table.OKERouteTable",
            "oci_core_security_list.OKESecurityList",
            "oci_core_virtual_network.OKEvcn"
          ]
        }
      ]
    },
    {
      "mode": "managed",
      "type": "oci_core_subnet",
      "name": "subnet5",
      "provider": "provider.oci",
      "instances": [
        {
          "schema_version": 0,
          "attributes": {
            "availability_domain": "EJpI:US-ASHBURN-AD-1",
            "cidr_block": "100.100.28.0/24",
            "compartment_id": "ocid1.compartment.oc1..aaaaaaaavxvovbiv4r5a4j3dwnn6ly3eyoc7hlyj6lkbovsiphd4s2ninmkq",
            "defined_tags": {},
            "dhcp_options_id": "ocid1.dhcpoptions.oc1.iad.aaaaaaaa7lccpznc4i7tjwuamaqzikwgcccwjcp4cqa5a4ncdevo5njehntq",
            "display_name": "AD5",
            "dns_label": "ad5subnet",
            "freeform_tags": {},
            "id": "ocid1.subnet.oc1.iad.aaaaaaaashyotrs6qbghh662r26xpplq5intvcu4xfwgbmmvbeklbqrbndcq",
            "prohibit_public_ip_on_vnic": false,
            "route_table_id": "ocid1.routetable.oc1.iad.aaaaaaaatu5u5psy5rzon6o7263mg34pry45impg4tqr43lqfvw2xpi3gyqa",
            "security_list_ids": [
              "ocid1.securitylist.oc1.iad.aaaaaaaa5f34lsjucq6fvl6qntyw62eowklfcqrpflxrinasdojqererbkna"
            ],
            "state": "AVAILABLE",
            "subnet_domain_name": "ad5subnet.okevcn.oraclevcn.com",
            "time_created": "2019-07-09 21:58:58.098 +0000 UTC",
            "timeouts": null,
            "vcn_id": "ocid1.vcn.oc1.iad.aaaaaaaaw3653cttbhm656ch3vqmzajqv3b2msd3uhiuoc2bijge2ckd4twa",
            "virtual_router_ip": "100.100.28.1",
            "virtual_router_mac": "00:00:17:FD:C3:47"
          },
          "private": "eyJlMmJmYjczMC1lY2FhLTExZTYtOGY4OC0zNDM2M2JjN2M0YzAiOnsiY3JlYXRlIjo5MDAwMDAwMDAwMDAsImRlbGV0ZSI6OTAwMDAwMDAwMDAwLCJ1cGRhdGUiOjkwMDAwMDAwMDAwMH19",
          "depends_on": [
            "data.oci_identity_availability_domain.ad",
            "oci_core_route_table.OKERouteTable",
            "oci_core_security_list.OKESecurityList",
            "oci_core_virtual_network.OKEvcn"
          ]
        }
      ]
    },
    {
      "mode": "managed",
      "type": "oci_core_virtual_network",
      "name": "OKEvcn",
      "provider": "provider.oci",
      "instances": [
        {
          "schema_version": 0,
          "attributes": {
            "cidr_block": "100.100.0.0/16",
            "compartment_id": "ocid1.compartment.oc1..aaaaaaaavxvovbiv4r5a4j3dwnn6ly3eyoc7hlyj6lkbovsiphd4s2ninmkq",
            "default_dhcp_options_id": "ocid1.dhcpoptions.oc1.iad.aaaaaaaa7lccpznc4i7tjwuamaqzikwgcccwjcp4cqa5a4ncdevo5njehntq",
            "default_route_table_id": "ocid1.routetable.oc1.iad.aaaaaaaa7tqooarsrl4jfrx7zfzz23m3miib5f5nyjeofim2gluhibj3pv5a",
            "default_security_list_id": "ocid1.securitylist.oc1.iad.aaaaaaaaws4zljz2kzjmgp2c5fqug6cl2xo2x7spxurqjzt5qqevnqivrsua",
            "defined_tags": {},
            "display_name": "vcn20190709215852",
            "dns_label": "okevcn",
            "freeform_tags": {},
            "id": "ocid1.vcn.oc1.iad.aaaaaaaaw3653cttbhm656ch3vqmzajqv3b2msd3uhiuoc2bijge2ckd4twa",
            "state": "AVAILABLE",
            "time_created": "2019-07-09 21:58:52.751 +0000 UTC",
            "timeouts": null,
            "vcn_domain_name": "okevcn.oraclevcn.com"
          },
          "private": "eyJlMmJmYjczMC1lY2FhLTExZTYtOGY4OC0zNDM2M2JjN2M0YzAiOnsiY3JlYXRlIjo5MDAwMDAwMDAwMDAsImRlbGV0ZSI6OTAwMDAwMDAwMDAwLCJ1cGRhdGUiOjkwMDAwMDAwMDAwMH19"
        }
      ]
    }
  ]
}
